// !$*UTF8*$!
{
	archiveVersion = 1;
	classes = {
	};
	objectVersion = 77;
	objects = {

/* Begin PBXBuildFile section */
		FDA951582DC06DF4004BC5D9 /* SDWebImageWebPCoder in Frameworks */ = {isa = PBXBuildFile; productRef = FDA951572DC06DF4004BC5D9 /* SDWebImageWebPCoder */; };
		FDA9515B2DC06E03004BC5D9 /* SDWebImage in Frameworks */ = {isa = PBXBuildFile; productRef = FDA9515A2DC06E03004BC5D9 /* SDWebImage */; };
		FDA9515D2DC06E03004BC5D9 /* SDWebImageMapKit in Frameworks */ = {isa = PBXBuildFile; productRef = FDA9515C2DC06E03004BC5D9 /* SDWebImageMapKit */; };
		FDA951602DC06E0E004BC5D9 /* PhotoshopReader in Frameworks */ = {isa = PBXBuildFile; productRef = FDA9515F2DC06E0E004BC5D9 /* PhotoshopReader */; };
/* End PBXBuildFile section */

/* Begin PBXContainerItemProxy section */
		FD6E04112DC0588D004B56AA /* PBXContainerItemProxy */ = {
			isa = PBXContainerItemProxy;
			containerPortal = FD6E03FA2DC0588C004B56AA /* Project object */;
			proxyType = 1;
			remoteGlobalIDString = FD6E04012DC0588C004B56AA;
			remoteInfo = "Xe-Image Convert";
		};
		FD6E041B2DC0588D004B56AA /* PBXContainerItemProxy */ = {
			isa = PBXContainerItemProxy;
			containerPortal = FD6E03FA2DC0588C004B56AA /* Project object */;
			proxyType = 1;
			remoteGlobalIDString = FD6E04012DC0588C004B56AA;
			remoteInfo = "Xe-Image Convert";
		};
/* End PBXContainerItemProxy section */

/* Begin PBXFileReference section */
		FD6E04022DC0588C004B56AA /* Xe-Image Convert.app */ = {isa = PBXFileReference; explicitFileType = wrapper.application; includeInIndex = 0; path = "Xe-Image Convert.app"; sourceTree = BUILT_PRODUCTS_DIR; };
		FD6E04102DC0588D004B56AA /* Xe-Image ConvertTests.xctest */ = {isa = PBXFileReference; explicitFileType = wrapper.cfbundle; includeInIndex = 0; path = "Xe-Image ConvertTests.xctest"; sourceTree = BUILT_PRODUCTS_DIR; };
		FD6E041A2DC0588D004B56AA /* Xe-Image ConvertUITests.xctest */ = {isa = PBXFileReference; explicitFileType = wrapper.cfbundle; includeInIndex = 0; path = "Xe-Image ConvertUITests.xctest"; sourceTree = BUILT_PRODUCTS_DIR; };
/* End PBXFileReference section */

/* Begin PBXFileSystemSynchronizedRootGroup section */
		FD6E04042DC0588C004B56AA /* Xe-Image Convert */ = {
			isa = PBXFileSystemSynchronizedRootGroup;
			path = "Xe-Image Convert";
			sourceTree = "<group>";
		};
		FD6E04132DC0588D004B56AA /* Xe-Image ConvertTests */ = {
			isa = PBXFileSystemSynchronizedRootGroup;
			path = "Xe-Image ConvertTests";
			sourceTree = "<group>";
		};
		FD6E041D2DC0588D004B56AA /* Xe-Image ConvertUITests */ = {
			isa = PBXFileSystemSynchronizedRootGroup;
			path = "Xe-Image ConvertUITests";
			sourceTree = "<group>";
		};
/* End PBXFileSystemSynchronizedRootGroup section */

/* Begin PBXFrameworksBuildPhase section */
		FD6E03FF2DC0588C004B56AA /* Frameworks */ = {
			isa = PBXFrameworksBuildPhase;
			buildActionMask = 2147483647;
			files = (
				FDA9515B2DC06E03004BC5D9 /* SDWebImage in Frameworks */,
				FDA9515D2DC06E03004BC5D9 /* SDWebImageMapKit in Frameworks */,
				FDA951602DC06E0E004BC5D9 /* PhotoshopReader in Frameworks */,
				FDA951582DC06DF4004BC5D9 /* SDWebImageWebPCoder in Frameworks */,
			);
			runOnlyForDeploymentPostprocessing = 0;
		};
		FD6E040D2DC0588D004B56AA /* Frameworks */ = {
			isa = PBXFrameworksBuildPhase;
			buildActionMask = 2147483647;
			files = (
			);
			runOnlyForDeploymentPostprocessing = 0;
		};
		FD6E04172DC0588D004B56AA /* Frameworks */ = {
			isa = PBXFrameworksBuildPhase;
			buildActionMask = 2147483647;
			files = (
			);
			runOnlyForDeploymentPostprocessing = 0;
		};
/* End PBXFrameworksBuildPhase section */

/* Begin PBXGroup section */
		FD6E03F92DC0588C004B56AA = {
			isa = PBXGroup;
			children = (
				FD6E04042DC0588C004B56AA /* Xe-Image Convert */,
				FD6E04132DC0588D004B56AA /* Xe-Image ConvertTests */,
				FD6E041D2DC0588D004B56AA /* Xe-Image ConvertUITests */,
				FD6E04032DC0588C004B56AA /* Products */,
			);
			sourceTree = "<group>";
		};
		FD6E04032DC0588C004B56AA /* Products */ = {
			isa = PBXGroup;
			children = (
				FD6E04022DC0588C004B56AA /* Xe-Image Convert.app */,
				FD6E04102DC0588D004B56AA /* Xe-Image ConvertTests.xctest */,
				FD6E041A2DC0588D004B56AA /* Xe-Image ConvertUITests.xctest */,
			);
			name = Products;
			sourceTree = "<group>";
		};
/* End PBXGroup section */

/* Begin PBXNativeTarget section */
		FD6E04012DC0588C004B56AA /* Xe-Image Convert */ = {
			isa = PBXNativeTarget;
			buildConfigurationList = FD6E04242DC0588D004B56AA /* Build configuration list for PBXNativeTarget "Xe-Image Convert" */;
			buildPhases = (
				FD6E03FE2DC0588C004B56AA /* Sources */,
				FD6E03FF2DC0588C004B56AA /* Frameworks */,
				FD6E04002DC0588C004B56AA /* Resources */,
			);
			buildRules = (
			);
			dependencies = (
			);
			fileSystemSynchronizedGroups = (
				FD6E04042DC0588C004B56AA /* Xe-Image Convert */,
			);
			name = "Xe-Image Convert";
			packageProductDependencies = (
				FDA951572DC06DF4004BC5D9 /* SDWebImageWebPCoder */,
				FDA9515A2DC06E03004BC5D9 /* SDWebImage */,
				FDA9515C2DC06E03004BC5D9 /* SDWebImageMapKit */,
				FDA9515F2DC06E0E004BC5D9 /* PhotoshopReader */,
			);
			productName = "Xe-Image Convert";
			productReference = FD6E04022DC0588C004B56AA /* Xe-Image Convert.app */;
			productType = "com.apple.product-type.application";
		};
		FD6E040F2DC0588D004B56AA /* Xe-Image ConvertTests */ = {
			isa = PBXNativeTarget;
			buildConfigurationList = FD6E04272DC0588D004B56AA /* Build configuration list for PBXNativeTarget "Xe-Image ConvertTests" */;
			buildPhases = (
				FD6E040C2DC0588D004B56AA /* Sources */,
				FD6E040D2DC0588D004B56AA /* Frameworks */,
				FD6E040E2DC0588D004B56AA /* Resources */,
			);
			buildRules = (
			);
			dependencies = (
				FD6E04122DC0588D004B56AA /* PBXTargetDependency */,
			);
			fileSystemSynchronizedGroups = (
				FD6E04132DC0588D004B56AA /* Xe-Image ConvertTests */,
			);
			name = "Xe-Image ConvertTests";
			packageProductDependencies = (
			);
			productName = "Xe-Image ConvertTests";
			productReference = FD6E04102DC0588D004B56AA /* Xe-Image ConvertTests.xctest */;
			productType = "com.apple.product-type.bundle.unit-test";
		};
		FD6E04192DC0588D004B56AA /* Xe-Image ConvertUITests */ = {
			isa = PBXNativeTarget;
			buildConfigurationList = FD6E042A2DC0588D004B56AA /* Build configuration list for PBXNativeTarget "Xe-Image ConvertUITests" */;
			buildPhases = (
				FD6E04162DC0588D004B56AA /* Sources */,
				FD6E04172DC0588D004B56AA /* Frameworks */,
				FD6E04182DC0588D004B56AA /* Resources */,
			);
			buildRules = (
			);
			dependencies = (
				FD6E041C2DC0588D004B56AA /* PBXTargetDependency */,
			);
			fileSystemSynchronizedGroups = (
				FD6E041D2DC0588D004B56AA /* Xe-Image ConvertUITests */,
			);
			name = "Xe-Image ConvertUITests";
			packageProductDependencies = (
			);
			productName = "Xe-Image ConvertUITests";
			productReference = FD6E041A2DC0588D004B56AA /* Xe-Image ConvertUITests.xctest */;
			productType = "com.apple.product-type.bundle.ui-testing";
		};
/* End PBXNativeTarget section */

/* Begin PBXProject section */
		FD6E03FA2DC0588C004B56AA /* Project object */ = {
			isa = PBXProject;
			attributes = {
				BuildIndependentTargetsInParallel = 1;
				LastSwiftUpdateCheck = 1630;
				LastUpgradeCheck = 1630;
				TargetAttributes = {
					FD6E04012DC0588C004B56AA = {
						CreatedOnToolsVersion = 16.3;
					};
					FD6E040F2DC0588D004B56AA = {
						CreatedOnToolsVersion = 16.3;
						TestTargetID = FD6E04012DC0588C004B56AA;
					};
					FD6E04192DC0588D004B56AA = {
						CreatedOnToolsVersion = 16.3;
						TestTargetID = FD6E04012DC0588C004B56AA;
					};
				};
			};
			buildConfigurationList = FD6E03FD2DC0588C004B56AA /* Build configuration list for PBXProject "Xe-Image Convert" */;
			developmentRegion = en;
			hasScannedForEncodings = 0;
			knownRegions = (
				en,
				Base,
			);
			mainGroup = FD6E03F92DC0588C004B56AA;
			minimizedProjectReferenceProxies = 1;
			packageReferences = (
				FDA951562DC06DF4004BC5D9 /* XCRemoteSwiftPackageReference "SDWebImageWebPCoder" */,
				FDA951592DC06E03004BC5D9 /* XCRemoteSwiftPackageReference "SDWebImage" */,
				FDA9515E2DC06E0E004BC5D9 /* XCRemoteSwiftPackageReference "PhotoshopReader" */,
			);
			preferredProjectObjectVersion = 77;
			productRefGroup = FD6E04032DC0588C004B56AA /* Products */;
			projectDirPath = "";
			projectRoot = "";
			targets = (
				FD6E04012DC0588C004B56AA /* Xe-Image Convert */,
				FD6E040F2DC0588D004B56AA /* Xe-Image ConvertTests */,
				FD6E04192DC0588D004B56AA /* Xe-Image ConvertUITests */,
			);
		};
/* End PBXProject section */

/* Begin PBXResourcesBuildPhase section */
		FD6E04002DC0588C004B56AA /* Resources */ = {
			isa = PBXResourcesBuildPhase;
			buildActionMask = 2147483647;
			files = (
			);
			runOnlyForDeploymentPostprocessing = 0;
		};
		FD6E040E2DC0588D004B56AA /* Resources */ = {
			isa = PBXResourcesBuildPhase;
			buildActionMask = 2147483647;
			files = (
			);
			runOnlyForDeploymentPostprocessing = 0;
		};
		FD6E04182DC0588D004B56AA /* Resources */ = {
			isa = PBXResourcesBuildPhase;
			buildActionMask = 2147483647;
			files = (
			);
			runOnlyForDeploymentPostprocessing = 0;
		};
/* End PBXResourcesBuildPhase section */

/* Begin PBXSourcesBuildPhase section */
		FD6E03FE2DC0588C004B56AA /* Sources */ = {
			isa = PBXSourcesBuildPhase;
			buildActionMask = 2147483647;
			files = (
			);
			runOnlyForDeploymentPostprocessing = 0;
		};
		FD6E040C2DC0588D004B56AA /* Sources */ = {
			isa = PBXSourcesBuildPhase;
			buildActionMask = 2147483647;
			files = (
			);
			runOnlyForDeploymentPostprocessing = 0;
		};
		FD6E04162DC0588D004B56AA /* Sources */ = {
			isa = PBXSourcesBuildPhase;
			buildActionMask = 2147483647;
			files = (
			);
			runOnlyForDeploymentPostprocessing = 0;
		};
/* End PBXSourcesBuildPhase section */

/* Begin PBXTargetDependency section */
		FD6E04122DC0588D004B56AA /* PBXTargetDependency */ = {
			isa = PBXTargetDependency;
			target = FD6E04012DC0588C004B56AA /* Xe-Image Convert */;
			targetProxy = FD6E04112DC0588D004B56AA /* PBXContainerItemProxy */;
		};
		FD6E041C2DC0588D004B56AA /* PBXTargetDependency */ = {
			isa = PBXTargetDependency;
			target = FD6E04012DC0588C004B56AA /* Xe-Image Convert */;
			targetProxy = FD6E041B2DC0588D004B56AA /* PBXContainerItemProxy */;
		};
/* End PBXTargetDependency section */

/* Begin XCBuildConfiguration section */
		FD6E04222DC0588D004B56AA /* Debug */ = {
			isa = XCBuildConfiguration;
			buildSettings = {
				ALWAYS_SEARCH_USER_PATHS = NO;
				ASSETCATALOG_COMPILER_GENERATE_SWIFT_ASSET_SYMBOL_EXTENSIONS = YES;
				CLANG_ANALYZER_NONNULL = YES;
				CLANG_ANALYZER_NUMBER_OBJECT_CONVERSION = YES_AGGRESSIVE;
				CLANG_CXX_LANGUAGE_STANDARD = "gnu++20";
				CLANG_ENABLE_MODULES = YES;
				CLANG_ENABLE_OBJC_ARC = YES;
				CLANG_ENABLE_OBJC_WEAK = YES;
				CLANG_WARN_BLOCK_CAPTURE_AUTORELEASING = YES;
				CLANG_WARN_BOOL_CONVERSION = YES;
				CLANG_WARN_COMMA = YES;
				CLANG_WARN_CONSTANT_CONVERSION = YES;
				CLANG_WARN_DEPRECATED_OBJC_IMPLEMENTATIONS = YES;
				CLANG_WARN_DIRECT_OBJC_ISA_USAGE = YES_ERROR;
				CLANG_WARN_DOCUMENTATION_COMMENTS = YES;
				CLANG_WARN_EMPTY_BODY = YES;
				CLANG_WARN_ENUM_CONVERSION = YES;
				CLANG_WARN_INFINITE_RECURSION = YES;
				CLANG_WARN_INT_CONVERSION = YES;
				CLANG_WARN_NON_LITERAL_NULL_CONVERSION = YES;
				CLANG_WARN_OBJC_IMPLICIT_RETAIN_SELF = YES;
				CLANG_WARN_OBJC_LITERAL_CONVERSION = YES;
				CLANG_WARN_OBJC_ROOT_CLASS = YES_ERROR;
				CLANG_WARN_QUOTED_INCLUDE_IN_FRAMEWORK_HEADER = YES;
				CLANG_WARN_RANGE_LOOP_ANALYSIS = YES;
				CLANG_WARN_STRICT_PROTOTYPES = YES;
				CLANG_WARN_SUSPICIOUS_MOVE = YES;
				CLANG_WARN_UNGUARDED_AVAILABILITY = YES_AGGRESSIVE;
				CLANG_WARN_UNREACHABLE_CODE = YES;
				CLANG_WARN__DUPLICATE_METHOD_MATCH = YES;
				COPY_PHASE_STRIP = NO;
				DEBUG_INFORMATION_FORMAT = dwarf;
				DEVELOPMENT_TEAM = RR9SSU85FD;
				ENABLE_STRICT_OBJC_MSGSEND = YES;
				ENABLE_TESTABILITY = YES;
				ENABLE_USER_SCRIPT_SANDBOXING = YES;
				GCC_C_LANGUAGE_STANDARD = gnu17;
				GCC_DYNAMIC_NO_PIC = NO;
				GCC_NO_COMMON_BLOCKS = YES;
				GCC_OPTIMIZATION_LEVEL = 0;
				GCC_PREPROCESSOR_DEFINITIONS = (
					"DEBUG=1",
					"$(inherited)",
				);
				GCC_WARN_64_TO_32_BIT_CONVERSION = YES;
				GCC_WARN_ABOUT_RETURN_TYPE = YES_ERROR;
				GCC_WARN_UNDECLARED_SELECTOR = YES;
				GCC_WARN_UNINITIALIZED_AUTOS = YES_AGGRESSIVE;
				GCC_WARN_UNUSED_FUNCTION = YES;
				GCC_WARN_UNUSED_VARIABLE = YES;
				LOCALIZATION_PREFERS_STRING_CATALOGS = YES;
				MACOSX_DEPLOYMENT_TARGET = 15.3;
				MTL_ENABLE_DEBUG_INFO = INCLUDE_SOURCE;
				MTL_FAST_MATH = YES;
				ONLY_ACTIVE_ARCH = YES;
				SDKROOT = macosx;
				SWIFT_ACTIVE_COMPILATION_CONDITIONS = "DEBUG $(inherited)";
				SWIFT_OPTIMIZATION_LEVEL = "-Onone";
			};
			name = Debug;
		};
		FD6E04232DC0588D004B56AA /* Release */ = {
			isa = XCBuildConfiguration;
			buildSettings = {
				ALWAYS_SEARCH_USER_PATHS = NO;
				ASSETCATALOG_COMPILER_GENERATE_SWIFT_ASSET_SYMBOL_EXTENSIONS = YES;
				CLANG_ANALYZER_NONNULL = YES;
				CLANG_ANALYZER_NUMBER_OBJECT_CONVERSION = YES_AGGRESSIVE;
				CLANG_CXX_LANGUAGE_STANDARD = "gnu++20";
				CLANG_ENABLE_MODULES = YES;
				CLANG_ENABLE_OBJC_ARC = YES;
				CLANG_ENABLE_OBJC_WEAK = YES;
				CLANG_WARN_BLOCK_CAPTURE_AUTORELEASING = YES;
				CLANG_WARN_BOOL_CONVERSION = YES;
				CLANG_WARN_COMMA = YES;
				CLANG_WARN_CONSTANT_CONVERSION = YES;
				CLANG_WARN_DEPRECATED_OBJC_IMPLEMENTATIONS = YES;
				CLANG_WARN_DIRECT_OBJC_ISA_USAGE = YES_ERROR;
				CLANG_WARN_DOCUMENTATION_COMMENTS = YES;
				CLANG_WARN_EMPTY_BODY = YES;
				CLANG_WARN_ENUM_CONVERSION = YES;
				CLANG_WARN_INFINITE_RECURSION = YES;
				CLANG_WARN_INT_CONVERSION = YES;
				CLANG_WARN_NON_LITERAL_NULL_CONVERSION = YES;
				CLANG_WARN_OBJC_IMPLICIT_RETAIN_SELF = YES;
				CLANG_WARN_OBJC_LITERAL_CONVERSION = YES;
				CLANG_WARN_OBJC_ROOT_CLASS = YES_ERROR;
				CLANG_WARN_QUOTED_INCLUDE_IN_FRAMEWORK_HEADER = YES;
				CLANG_WARN_RANGE_LOOP_ANALYSIS = YES;
				CLANG_WARN_STRICT_PROTOTYPES = YES;
				CLANG_WARN_SUSPICIOUS_MOVE = YES;
				CLANG_WARN_UNGUARDED_AVAILABILITY = YES_AGGRESSIVE;
				CLANG_WARN_UNREACHABLE_CODE = YES;
				CLANG_WARN__DUPLICATE_METHOD_MATCH = YES;
				COPY_PHASE_STRIP = NO;
				DEBUG_INFORMATION_FORMAT = "dwarf-with-dsym";
				DEVELOPMENT_TEAM = RR9SSU85FD;
				ENABLE_NS_ASSERTIONS = NO;
				ENABLE_STRICT_OBJC_MSGSEND = YES;
				ENABLE_USER_SCRIPT_SANDBOXING = YES;
				GCC_C_LANGUAGE_STANDARD = gnu17;
				GCC_NO_COMMON_BLOCKS = YES;
				GCC_WARN_64_TO_32_BIT_CONVERSION = YES;
				GCC_WARN_ABOUT_RETURN_TYPE = YES_ERROR;
				GCC_WARN_UNDECLARED_SELECTOR = YES;
				GCC_WARN_UNINITIALIZED_AUTOS = YES_AGGRESSIVE;
				GCC_WARN_UNUSED_FUNCTION = YES;
				GCC_WARN_UNUSED_VARIABLE = YES;
				LOCALIZATION_PREFERS_STRING_CATALOGS = YES;
				MACOSX_DEPLOYMENT_TARGET = 15.3;
				MTL_ENABLE_DEBUG_INFO = NO;
				MTL_FAST_MATH = YES;
				SDKROOT = macosx;
				SWIFT_COMPILATION_MODE = wholemodule;
			};
			name = Release;
		};
		FD6E04252DC0588D004B56AA /* Debug */ = {
			isa = XCBuildConfiguration;
			buildSettings = {
				ASSETCATALOG_COMPILER_APPICON_NAME = AppIcon;
				ASSETCATALOG_COMPILER_GLOBAL_ACCENT_COLOR_NAME = AccentColor;
				CODE_SIGN_ENTITLEMENTS = "Xe-Image Convert/Xe_Image_Convert.entitlements";
				CODE_SIGN_IDENTITY = "Apple Development";
				"CODE_SIGN_IDENTITY[sdk=macosx*]" = "Apple Development";
				CODE_SIGN_STYLE = Automatic;
				COMBINE_HIDPI_IMAGES = YES;
				CURRENT_PROJECT_VERSION = 1;
				DEVELOPMENT_TEAM = RR9SSU85FD;
				ENABLE_HARDENED_RUNTIME = YES;
				ENABLE_PREVIEWS = YES;
				GENERATE_INFOPLIST_FILE = YES;
				INFOPLIST_KEY_LSApplicationCategoryType = "public.app-category.photography";
				INFOPLIST_KEY_NSHumanReadableCopyright = "";
				LD_RUNPATH_SEARCH_PATHS = (
					"$(inherited)",
					"@executable_path/../Frameworks",
				);
				MACOSX_DEPLOYMENT_TARGET = 14.6;
				MARKETING_VERSION = 1.3;
				PRODUCT_BUNDLE_IDENTIFIER = "com.ContiBros.Xe-Image-Convert";
				PRODUCT_NAME = "$(TARGET_NAME)";
				PROVISIONING_PROFILE_SPECIFIER = "";
				REGISTER_APP_GROUPS = YES;
				SWIFT_EMIT_LOC_STRINGS = YES;
				SWIFT_VERSION = 5.0;
			};
			name = Debug;
		};
		FD6E04262DC0588D004B56AA /* Release */ = {
			isa = XCBuildConfiguration;
			buildSettings = {
				ASSETCATALOG_COMPILER_APPICON_NAME = AppIcon;
				ASSETCATALOG_COMPILER_GLOBAL_ACCENT_COLOR_NAME = AccentColor;
				CODE_SIGN_ENTITLEMENTS = "Xe-Image Convert/Xe_Image_Convert.entitlements";
				CODE_SIGN_IDENTITY = "Apple Development";
				"CODE_SIGN_IDENTITY[sdk=macosx*]" = "Apple Development";
				CODE_SIGN_STYLE = Automatic;
				COMBINE_HIDPI_IMAGES = YES;
				CURRENT_PROJECT_VERSION = 1;
				DEVELOPMENT_TEAM = RR9SSU85FD;
				ENABLE_HARDENED_RUNTIME = YES;
				ENABLE_PREVIEWS = YES;
				GENERATE_INFOPLIST_FILE = YES;
				INFOPLIST_KEY_LSApplicationCategoryType = "public.app-category.photography";
				INFOPLIST_KEY_NSHumanReadableCopyright = "";
				LD_RUNPATH_SEARCH_PATHS = (
					"$(inherited)",
					"@executable_path/../Frameworks",
				);
				MACOSX_DEPLOYMENT_TARGET = 14.6;
				MARKETING_VERSION = 1.3;
				PRODUCT_BUNDLE_IDENTIFIER = "com.ContiBros.Xe-Image-Convert";
				PRODUCT_NAME = "$(TARGET_NAME)";
				PROVISIONING_PROFILE_SPECIFIER = "";
				REGISTER_APP_GROUPS = YES;
				SWIFT_EMIT_LOC_STRINGS = YES;
				SWIFT_VERSION = 5.0;
			};
			name = Release;
		};
		FD6E04282DC0588D004B56AA /* Debug */ = {
			isa = XCBuildConfiguration;
			buildSettings = {
				BUNDLE_LOADER = "$(TEST_HOST)";
				CODE_SIGN_STYLE = Automatic;
				CURRENT_PROJECT_VERSION = 1;
				DEVELOPMENT_TEAM = RR9SSU85FD;
				GENERATE_INFOPLIST_FILE = YES;
				MACOSX_DEPLOYMENT_TARGET = 15.3;
				MARKETING_VERSION = 1.0;
				PRODUCT_BUNDLE_IDENTIFIER = "com.ContiBros.Xe-Image-ConvertTests";
				PRODUCT_NAME = "$(TARGET_NAME)";
				SWIFT_EMIT_LOC_STRINGS = NO;
				SWIFT_VERSION = 5.0;
				TEST_HOST = "$(BUILT_PRODUCTS_DIR)/Xe-Image Convert.app/$(BUNDLE_EXECUTABLE_FOLDER_PATH)/Xe-Image Convert";
			};
			name = Debug;
		};
		FD6E04292DC0588D004B56AA /* Release */ = {
			isa = XCBuildConfiguration;
			buildSettings = {
				BUNDLE_LOADER = "$(TEST_HOST)";
				CODE_SIGN_STYLE = Automatic;
				CURRENT_PROJECT_VERSION = 1;
				DEVELOPMENT_TEAM = RR9SSU85FD;
				GENERATE_INFOPLIST_FILE = YES;
				MACOSX_DEPLOYMENT_TARGET = 15.3;
				MARKETING_VERSION = 1.0;
				PRODUCT_BUNDLE_IDENTIFIER = "com.ContiBros.Xe-Image-ConvertTests";
				PRODUCT_NAME = "$(TARGET_NAME)";
				SWIFT_EMIT_LOC_STRINGS = NO;
				SWIFT_VERSION = 5.0;
				TEST_HOST = "$(BUILT_PRODUCTS_DIR)/Xe-Image Convert.app/$(BUNDLE_EXECUTABLE_FOLDER_PATH)/Xe-Image Convert";
			};
			name = Release;
		};
		FD6E042B2DC0588D004B56AA /* Debug */ = {
			isa = XCBuildConfiguration;
			buildSettings = {
				CODE_SIGN_STYLE = Automatic;
				CURRENT_PROJECT_VERSION = 1;
				DEVELOPMENT_TEAM = RR9SSU85FD;
				GENERATE_INFOPLIST_FILE = YES;
				MARKETING_VERSION = 1.0;
				PRODUCT_BUNDLE_IDENTIFIER = "com.ContiBros.Xe-Image-ConvertUITests";
				PRODUCT_NAME = "$(TARGET_NAME)";
				SWIFT_EMIT_LOC_STRINGS = NO;
				SWIFT_VERSION = 5.0;
				TEST_TARGET_NAME = "Xe-Image Convert";
			};
			name = Debug;
		};
		FD6E042C2DC0588D004B56AA /* Release */ = {
			isa = XCBuildConfiguration;
			buildSettings = {
				CODE_SIGN_STYLE = Automatic;
				CURRENT_PROJECT_VERSION = 1;
				DEVELOPMENT_TEAM = RR9SSU85FD;
				GENERATE_INFOPLIST_FILE = YES;
				MARKETING_VERSION = 1.0;
				PRODUCT_BUNDLE_IDENTIFIER = "com.ContiBros.Xe-Image-ConvertUITests";
				PRODUCT_NAME = "$(TARGET_NAME)";
				SWIFT_EMIT_LOC_STRINGS = NO;
				SWIFT_VERSION = 5.0;
				TEST_TARGET_NAME = "Xe-Image Convert";
			};
			name = Release;
		};
/* End XCBuildConfiguration section */

/* Begin XCConfigurationList section */
		FD6E03FD2DC0588C004B56AA /* Build configuration list for PBXProject "Xe-Image Convert" */ = {
			isa = XCConfigurationList;
			buildConfigurations = (
				FD6E04222DC0588D004B56AA /* Debug */,
				FD6E04232DC0588D004B56AA /* Release */,
			);
			defaultConfigurationIsVisible = 0;
			defaultConfigurationName = Release;
		};
		FD6E04242DC0588D004B56AA /* Build configuration list for PBXNativeTarget "Xe-Image Convert" */ = {
			isa = XCConfigurationList;
			buildConfigurations = (
				FD6E04252DC0588D004B56AA /* Debug */,
				FD6E04262DC0588D004B56AA /* Release */,
			);
			defaultConfigurationIsVisible = 0;
			defaultConfigurationName = Release;
		};
		FD6E04272DC0588D004B56AA /* Build configuration list for PBXNativeTarget "Xe-Image ConvertTests" */ = {
			isa = XCConfigurationList;
			buildConfigurations = (
				FD6E04282DC0588D004B56AA /* Debug */,
				FD6E04292DC0588D004B56AA /* Release */,
			);
			defaultConfigurationIsVisible = 0;
			defaultConfigurationName = Release;
		};
		FD6E042A2DC0588D004B56AA /* Build configuration list for PBXNativeTarget "Xe-Image ConvertUITests" */ = {
			isa = XCConfigurationList;
			buildConfigurations = (
				FD6E042B2DC0588D004B56AA /* Debug */,
				FD6E042C2DC0588D004B56AA /* Release */,
			);
			defaultConfigurationIsVisible = 0;
			defaultConfigurationName = Release;
		};
/* End XCConfigurationList section */

/* Begin XCRemoteSwiftPackageReference section */
		FDA951562DC06DF4004BC5D9 /* XCRemoteSwiftPackageReference "SDWebImageWebPCoder" */ = {
			isa = XCRemoteSwiftPackageReference;
			repositoryURL = "https://github.com/SDWebImage/SDWebImageWebPCoder";
			requirement = {
				kind = upToNextMajorVersion;
				minimumVersion = 0.14.6;
			};
		};
		FDA951592DC06E03004BC5D9 /* XCRemoteSwiftPackageReference "SDWebImage" */ = {
			isa = XCRemoteSwiftPackageReference;
			repositoryURL = "https://github.com/SDWebImage/SDWebImage";
			requirement = {
				kind = upToNextMajorVersion;
				minimumVersion = 5.21.0;
			};
		};
		FDA9515E2DC06E0E004BC5D9 /* XCRemoteSwiftPackageReference "PhotoshopReader" */ = {
			isa = XCRemoteSwiftPackageReference;
			repositoryURL = "https://github.com/hughbe/PhotoshopReader";
			requirement = {
				kind = upToNextMajorVersion;
				minimumVersion = 1.0.0;
			};
		};
/* End XCRemoteSwiftPackageReference section */

/* Begin XCSwiftPackageProductDependency section */
		FDA951572DC06DF4004BC5D9 /* SDWebImageWebPCoder */ = {
			isa = XCSwiftPackageProductDependency;
			package = FDA951562DC06DF4004BC5D9 /* XCRemoteSwiftPackageReference "SDWebImageWebPCoder" */;
			productName = SDWebImageWebPCoder;
		};
		FDA9515A2DC06E03004BC5D9 /* SDWebImage */ = {
			isa = XCSwiftPackageProductDependency;
			package = FDA951592DC06E03004BC5D9 /* XCRemoteSwiftPackageReference "SDWebImage" */;
			productName = SDWebImage;
		};
		FDA9515C2DC06E03004BC5D9 /* SDWebImageMapKit */ = {
			isa = XCSwiftPackageProductDependency;
			package = FDA951592DC06E03004BC5D9 /* XCRemoteSwiftPackageReference "SDWebImage" */;
			productName = SDWebImageMapKit;
		};
		FDA9515F2DC06E0E004BC5D9 /* PhotoshopReader */ = {
			isa = XCSwiftPackageProductDependency;
			package = FDA9515E2DC06E0E004BC5D9 /* XCRemoteSwiftPackageReference "PhotoshopReader" */;
			productName = PhotoshopReader;
		};
/* End XCSwiftPackageProductDependency section */
	};
	rootObject = FD6E03FA2DC0588C004B56AA /* Project object */;
}
