// !$*UTF8*$!
{
	archiveVersion = 1;
	classes = {
	};
	objectVersion = 77;
	objects = {

/* Begin PBXBuildFile section */
		FD106FFB2DBFAB75007146C1 /* PhotoshopReader in Frameworks */ = {isa = PBXBuildFile; productRef = FD106FFA2DBFAB75007146C1 /* PhotoshopReader */; };
		FD1070002DBFB2B8007146C1 /* SDWebImage in Frameworks */ = {isa = PBXBuildFile; productRef = FD106FFF2DBFB2B8007146C1 /* SDWebImage */; };
		FD1070022DBFB2B8007146C1 /* SDWebImageMapKit in Frameworks */ = {isa = PBXBuildFile; productRef = FD1070012DBFB2B8007146C1 /* SDWebImageMapKit */; };
		FD1070052DBFB2DF007146C1 /* SDWebImageWebPCoder in Frameworks */ = {isa = PBXBuildFile; productRef = FD1070042DBFB2DF007146C1 /* SDWebImageWebPCoder */; };
/* End PBXBuildFile section */

/* Begin PBXContainerItemProxy section */
		FD106FDB2DBFA3EB007146C1 /* PBXContainerItemProxy */ = {
			isa = PBXContainerItemProxy;
			containerPortal = FD106FC42DBFA3EA007146C1 /* Project object */;
			proxyType = 1;
			remoteGlobalIDString = FD106FCB2DBFA3EA007146C1;
			remoteInfo = "Xe-Image Convert";
		};
		FD106FE52DBFA3EB007146C1 /* PBXContainerItemProxy */ = {
			isa = PBXContainerItemProxy;
			containerPortal = FD106FC42DBFA3EA007146C1 /* Project object */;
			proxyType = 1;
			remoteGlobalIDString = FD106FCB2DBFA3EA007146C1;
			remoteInfo = "Xe-Image Convert";
		};
/* End PBXContainerItemProxy section */

/* Begin PBXFileReference section */
		FD106FCC2DBFA3EA007146C1 /* Xe-Image Convert.app */ = {isa = PBXFileReference; explicitFileType = wrapper.application; includeInIndex = 0; path = "Xe-Image Convert.app"; sourceTree = BUILT_PRODUCTS_DIR; };
		FD106FDA2DBFA3EB007146C1 /* Xe-Image ConvertTests.xctest */ = {isa = PBXFileReference; explicitFileType = wrapper.cfbundle; includeInIndex = 0; path = "Xe-Image ConvertTests.xctest"; sourceTree = BUILT_PRODUCTS_DIR; };
		FD106FE42DBFA3EB007146C1 /* Xe-Image ConvertUITests.xctest */ = {isa = PBXFileReference; explicitFileType = wrapper.cfbundle; includeInIndex = 0; path = "Xe-Image ConvertUITests.xctest"; sourceTree = BUILT_PRODUCTS_DIR; };
/* End PBXFileReference section */

/* Begin PBXFileSystemSynchronizedRootGroup section */
		FD106FCE2DBFA3EA007146C1 /* Xe-Image Convert */ = {
			isa = PBXFileSystemSynchronizedRootGroup;
			path = "Xe-Image Convert";
			sourceTree = "<group>";
		};
		FD106FDD2DBFA3EB007146C1 /* Xe-Image ConvertTests */ = {
			isa = PBXFileSystemSynchronizedRootGroup;
			path = "Xe-Image ConvertTests";
			sourceTree = "<group>";
		};
		FD106FE72DBFA3EB007146C1 /* Xe-Image ConvertUITests */ = {
			isa = PBXFileSystemSynchronizedRootGroup;
			path = "Xe-Image ConvertUITests";
			sourceTree = "<group>";
		};
/* End PBXFileSystemSynchronizedRootGroup section */

/* Begin PBXFrameworksBuildPhase section */
		FD106FC92DBFA3EA007146C1 /* Frameworks */ = {
			isa = PBXFrameworksBuildPhase;
			buildActionMask = 2147483647;
			files = (
				FD1070002DBFB2B8007146C1 /* SDWebImage in Frameworks */,
				FD1070022DBFB2B8007146C1 /* SDWebImageMapKit in Frameworks */,
				FD1070052DBFB2DF007146C1 /* SDWebImageWebPCoder in Frameworks */,
				FD106FFB2DBFAB75007146C1 /* PhotoshopReader in Frameworks */,
			);
			runOnlyForDeploymentPostprocessing = 0;
		};
		FD106FD72DBFA3EB007146C1 /* Frameworks */ = {
			isa = PBXFrameworksBuildPhase;
			buildActionMask = 2147483647;
			files = (
			);
			runOnlyForDeploymentPostprocessing = 0;
		};
		FD106FE12DBFA3EB007146C1 /* Frameworks */ = {
			isa = PBXFrameworksBuildPhase;
			buildActionMask = 2147483647;
			files = (
			);
			runOnlyForDeploymentPostprocessing = 0;
		};
/* End PBXFrameworksBuildPhase section */

/* Begin PBXGroup section */
		FD106FC32DBFA3EA007146C1 = {
			isa = PBXGroup;
			children = (
				FD106FCE2DBFA3EA007146C1 /* Xe-Image Convert */,
				FD106FDD2DBFA3EB007146C1 /* Xe-Image ConvertTests */,
				FD106FE72DBFA3EB007146C1 /* Xe-Image ConvertUITests */,
				FD106FCD2DBFA3EA007146C1 /* Products */,
			);
			sourceTree = "<group>";
		};
		FD106FCD2DBFA3EA007146C1 /* Products */ = {
			isa = PBXGroup;
			children = (
				FD106FCC2DBFA3EA007146C1 /* Xe-Image Convert.app */,
				FD106FDA2DBFA3EB007146C1 /* Xe-Image ConvertTests.xctest */,
				FD106FE42DBFA3EB007146C1 /* Xe-Image ConvertUITests.xctest */,
			);
			name = Products;
			sourceTree = "<group>";
		};
/* End PBXGroup section */

/* Begin PBXNativeTarget section */
		FD106FCB2DBFA3EA007146C1 /* Xe-Image Convert */ = {
			isa = PBXNativeTarget;
			buildConfigurationList = FD106FEE2DBFA3EB007146C1 /* Build configuration list for PBXNativeTarget "Xe-Image Convert" */;
			buildPhases = (
				FD106FC82DBFA3EA007146C1 /* Sources */,
				FD106FC92DBFA3EA007146C1 /* Frameworks */,
				FD106FCA2DBFA3EA007146C1 /* Resources */,
			);
			buildRules = (
			);
			dependencies = (
			);
			fileSystemSynchronizedGroups = (
				FD106FCE2DBFA3EA007146C1 /* Xe-Image Convert */,
			);
			name = "Xe-Image Convert";
			packageProductDependencies = (
				FD106FFA2DBFAB75007146C1 /* PhotoshopReader */,
				FD106FFF2DBFB2B8007146C1 /* SDWebImage */,
				FD1070012DBFB2B8007146C1 /* SDWebImageMapKit */,
				FD1070042DBFB2DF007146C1 /* SDWebImageWebPCoder */,
			);
			productName = "Xe-Image Convert";
			productReference = FD106FCC2DBFA3EA007146C1 /* Xe-Image Convert.app */;
			productType = "com.apple.product-type.application";
		};
		FD106FD92DBFA3EB007146C1 /* Xe-Image ConvertTests */ = {
			isa = PBXNativeTarget;
			buildConfigurationList = FD106FF12DBFA3EB007146C1 /* Build configuration list for PBXNativeTarget "Xe-Image ConvertTests" */;
			buildPhases = (
				FD106FD62DBFA3EB007146C1 /* Sources */,
				FD106FD72DBFA3EB007146C1 /* Frameworks */,
				FD106FD82DBFA3EB007146C1 /* Resources */,
			);
			buildRules = (
			);
			dependencies = (
				FD106FDC2DBFA3EB007146C1 /* PBXTargetDependency */,
			);
			fileSystemSynchronizedGroups = (
				FD106FDD2DBFA3EB007146C1 /* Xe-Image ConvertTests */,
			);
			name = "Xe-Image ConvertTests";
			packageProductDependencies = (
			);
			productName = "Xe-Image ConvertTests";
			productReference = FD106FDA2DBFA3EB007146C1 /* Xe-Image ConvertTests.xctest */;
			productType = "com.apple.product-type.bundle.unit-test";
		};
		FD106FE32DBFA3EB007146C1 /* Xe-Image ConvertUITests */ = {
			isa = PBXNativeTarget;
			buildConfigurationList = FD106FF42DBFA3EB007146C1 /* Build configuration list for PBXNativeTarget "Xe-Image ConvertUITests" */;
			buildPhases = (
				FD106FE02DBFA3EB007146C1 /* Sources */,
				FD106FE12DBFA3EB007146C1 /* Frameworks */,
				FD106FE22DBFA3EB007146C1 /* Resources */,
			);
			buildRules = (
			);
			dependencies = (
				FD106FE62DBFA3EB007146C1 /* PBXTargetDependency */,
			);
			fileSystemSynchronizedGroups = (
				FD106FE72DBFA3EB007146C1 /* Xe-Image ConvertUITests */,
			);
			name = "Xe-Image ConvertUITests";
			packageProductDependencies = (
			);
			productName = "Xe-Image ConvertUITests";
			productReference = FD106FE42DBFA3EB007146C1 /* Xe-Image ConvertUITests.xctest */;
			productType = "com.apple.product-type.bundle.ui-testing";
		};
/* End PBXNativeTarget section */

/* Begin PBXProject section */
		FD106FC42DBFA3EA007146C1 /* Project object */ = {
			isa = PBXProject;
			attributes = {
				BuildIndependentTargetsInParallel = 1;
				LastSwiftUpdateCheck = 1630;
				LastUpgradeCheck = 1630;
				TargetAttributes = {
					FD106FCB2DBFA3EA007146C1 = {
						CreatedOnToolsVersion = 16.3;
					};
					FD106FD92DBFA3EB007146C1 = {
						CreatedOnToolsVersion = 16.3;
						TestTargetID = FD106FCB2DBFA3EA007146C1;
					};
					FD106FE32DBFA3EB007146C1 = {
						CreatedOnToolsVersion = 16.3;
						TestTargetID = FD106FCB2DBFA3EA007146C1;
					};
				};
			};
			buildConfigurationList = FD106FC72DBFA3EA007146C1 /* Build configuration list for PBXProject "Xe-Image Convert" */;
			developmentRegion = en;
			hasScannedForEncodings = 0;
			knownRegions = (
				en,
				Base,
			);
			mainGroup = FD106FC32DBFA3EA007146C1;
			minimizedProjectReferenceProxies = 1;
			packageReferences = (
				FD106FF92DBFAB75007146C1 /* XCRemoteSwiftPackageReference "PhotoshopReader" */,
				FD106FFE2DBFB2B8007146C1 /* XCRemoteSwiftPackageReference "SDWebImage" */,
				FD1070032DBFB2DF007146C1 /* XCRemoteSwiftPackageReference "SDWebImageWebPCoder" */,
			);
			preferredProjectObjectVersion = 77;
			productRefGroup = FD106FCD2DBFA3EA007146C1 /* Products */;
			projectDirPath = "";
			projectRoot = "";
			targets = (
				FD106FCB2DBFA3EA007146C1 /* Xe-Image Convert */,
				FD106FD92DBFA3EB007146C1 /* Xe-Image ConvertTests */,
				FD106FE32DBFA3EB007146C1 /* Xe-Image ConvertUITests */,
			);
		};
/* End PBXProject section */

/* Begin PBXResourcesBuildPhase section */
		FD106FCA2DBFA3EA007146C1 /* Resources */ = {
			isa = PBXResourcesBuildPhase;
			buildActionMask = 2147483647;
			files = (
			);
			runOnlyForDeploymentPostprocessing = 0;
		};
		FD106FD82DBFA3EB007146C1 /* Resources */ = {
			isa = PBXResourcesBuildPhase;
			buildActionMask = 2147483647;
			files = (
			);
			runOnlyForDeploymentPostprocessing = 0;
		};
		FD106FE22DBFA3EB007146C1 /* Resources */ = {
			isa = PBXResourcesBuildPhase;
			buildActionMask = 2147483647;
			files = (
			);
			runOnlyForDeploymentPostprocessing = 0;
		};
/* End PBXResourcesBuildPhase section */

/* Begin PBXSourcesBuildPhase section */
		FD106FC82DBFA3EA007146C1 /* Sources */ = {
			isa = PBXSourcesBuildPhase;
			buildActionMask = 2147483647;
			files = (
			);
			runOnlyForDeploymentPostprocessing = 0;
		};
		FD106FD62DBFA3EB007146C1 /* Sources */ = {
			isa = PBXSourcesBuildPhase;
			buildActionMask = 2147483647;
			files = (
			);
			runOnlyForDeploymentPostprocessing = 0;
		};
		FD106FE02DBFA3EB007146C1 /* Sources */ = {
			isa = PBXSourcesBuildPhase;
			buildActionMask = 2147483647;
			files = (
			);
			runOnlyForDeploymentPostprocessing = 0;
		};
/* End PBXSourcesBuildPhase section */

/* Begin PBXTargetDependency section */
		FD106FDC2DBFA3EB007146C1 /* PBXTargetDependency */ = {
			isa = PBXTargetDependency;
			target = FD106FCB2DBFA3EA007146C1 /* Xe-Image Convert */;
			targetProxy = FD106FDB2DBFA3EB007146C1 /* PBXContainerItemProxy */;
		};
		FD106FE62DBFA3EB007146C1 /* PBXTargetDependency */ = {
			isa = PBXTargetDependency;
			target = FD106FCB2DBFA3EA007146C1 /* Xe-Image Convert */;
			targetProxy = FD106FE52DBFA3EB007146C1 /* PBXContainerItemProxy */;
		};
/* End PBXTargetDependency section */

/* Begin XCBuildConfiguration section */
		FD106FEC2DBFA3EB007146C1 /* Debug */ = {
			isa = XCBuildConfiguration;
			buildSettings = {
				ALWAYS_SEARCH_USER_PATHS = NO;
				ASSETCATALOG_COMPILER_GENERATE_SWIFT_ASSET_SYMBOL_EXTENSIONS = YES;
				CLANG_ANALYZER_NONNULL = YES;
				CLANG_ANALYZER_NUMBER_OBJECT_CONVERSION = YES_AGGRESSIVE;
				CLANG_CXX_LANGUAGE_STANDARD = "gnu++20";
				CLANG_ENABLE_MODULES = YES;
				CLANG_ENABLE_OBJC_ARC = YES;
				CLANG_ENABLE_OBJC_WEAK = YES;
				CLANG_WARN_BLOCK_CAPTURE_AUTORELEASING = YES;
				CLANG_WARN_BOOL_CONVERSION = YES;
				CLANG_WARN_COMMA = YES;
				CLANG_WARN_CONSTANT_CONVERSION = YES;
				CLANG_WARN_DEPRECATED_OBJC_IMPLEMENTATIONS = YES;
				CLANG_WARN_DIRECT_OBJC_ISA_USAGE = YES_ERROR;
				CLANG_WARN_DOCUMENTATION_COMMENTS = YES;
				CLANG_WARN_EMPTY_BODY = YES;
				CLANG_WARN_ENUM_CONVERSION = YES;
				CLANG_WARN_INFINITE_RECURSION = YES;
				CLANG_WARN_INT_CONVERSION = YES;
				CLANG_WARN_NON_LITERAL_NULL_CONVERSION = YES;
				CLANG_WARN_OBJC_IMPLICIT_RETAIN_SELF = YES;
				CLANG_WARN_OBJC_LITERAL_CONVERSION = YES;
				CLANG_WARN_OBJC_ROOT_CLASS = YES_ERROR;
				CLANG_WARN_QUOTED_INCLUDE_IN_FRAMEWORK_HEADER = YES;
				CLANG_WARN_RANGE_LOOP_ANALYSIS = YES;
				CLANG_WARN_STRICT_PROTOTYPES = YES;
				CLANG_WARN_SUSPICIOUS_MOVE = YES;
				CLANG_WARN_UNGUARDED_AVAILABILITY = YES_AGGRESSIVE;
				CLANG_WARN_UNREACHABLE_CODE = YES;
				CLANG_WARN__DUPLICATE_METHOD_MATCH = YES;
				COPY_PHASE_STRIP = NO;
				DEBUG_INFORMATION_FORMAT = dwarf;
				DEVELOPMENT_TEAM = RR9SSU85FD;
				ENABLE_STRICT_OBJC_MSGSEND = YES;
				ENABLE_TESTABILITY = YES;
				ENABLE_USER_SCRIPT_SANDBOXING = YES;
				GCC_C_LANGUAGE_STANDARD = gnu17;
				GCC_DYNAMIC_NO_PIC = NO;
				GCC_NO_COMMON_BLOCKS = YES;
				GCC_OPTIMIZATION_LEVEL = 0;
				GCC_PREPROCESSOR_DEFINITIONS = (
					"DEBUG=1",
					"$(inherited)",
				);
				GCC_WARN_64_TO_32_BIT_CONVERSION = YES;
				GCC_WARN_ABOUT_RETURN_TYPE = YES_ERROR;
				GCC_WARN_UNDECLARED_SELECTOR = YES;
				GCC_WARN_UNINITIALIZED_AUTOS = YES_AGGRESSIVE;
				GCC_WARN_UNUSED_FUNCTION = YES;
				GCC_WARN_UNUSED_VARIABLE = YES;
				LOCALIZATION_PREFERS_STRING_CATALOGS = YES;
				MACOSX_DEPLOYMENT_TARGET = 15.3;
				MTL_ENABLE_DEBUG_INFO = INCLUDE_SOURCE;
				MTL_FAST_MATH = YES;
				ONLY_ACTIVE_ARCH = YES;
				SDKROOT = macosx;
				SWIFT_ACTIVE_COMPILATION_CONDITIONS = "DEBUG $(inherited)";
				SWIFT_OPTIMIZATION_LEVEL = "-Onone";
			};
			name = Debug;
		};
		FD106FED2DBFA3EB007146C1 /* Release */ = {
			isa = XCBuildConfiguration;
			buildSettings = {
				ALWAYS_SEARCH_USER_PATHS = NO;
				ASSETCATALOG_COMPILER_GENERATE_SWIFT_ASSET_SYMBOL_EXTENSIONS = YES;
				CLANG_ANALYZER_NONNULL = YES;
				CLANG_ANALYZER_NUMBER_OBJECT_CONVERSION = YES_AGGRESSIVE;
				CLANG_CXX_LANGUAGE_STANDARD = "gnu++20";
				CLANG_ENABLE_MODULES = YES;
				CLANG_ENABLE_OBJC_ARC = YES;
				CLANG_ENABLE_OBJC_WEAK = YES;
				CLANG_WARN_BLOCK_CAPTURE_AUTORELEASING = YES;
				CLANG_WARN_BOOL_CONVERSION = YES;
				CLANG_WARN_COMMA = YES;
				CLANG_WARN_CONSTANT_CONVERSION = YES;
				CLANG_WARN_DEPRECATED_OBJC_IMPLEMENTATIONS = YES;
				CLANG_WARN_DIRECT_OBJC_ISA_USAGE = YES_ERROR;
				CLANG_WARN_DOCUMENTATION_COMMENTS = YES;
				CLANG_WARN_EMPTY_BODY = YES;
				CLANG_WARN_ENUM_CONVERSION = YES;
				CLANG_WARN_INFINITE_RECURSION = YES;
				CLANG_WARN_INT_CONVERSION = YES;
				CLANG_WARN_NON_LITERAL_NULL_CONVERSION = YES;
				CLANG_WARN_OBJC_IMPLICIT_RETAIN_SELF = YES;
				CLANG_WARN_OBJC_LITERAL_CONVERSION = YES;
				CLANG_WARN_OBJC_ROOT_CLASS = YES_ERROR;
				CLANG_WARN_QUOTED_INCLUDE_IN_FRAMEWORK_HEADER = YES;
				CLANG_WARN_RANGE_LOOP_ANALYSIS = YES;
				CLANG_WARN_STRICT_PROTOTYPES = YES;
				CLANG_WARN_SUSPICIOUS_MOVE = YES;
				CLANG_WARN_UNGUARDED_AVAILABILITY = YES_AGGRESSIVE;
				CLANG_WARN_UNREACHABLE_CODE = YES;
				CLANG_WARN__DUPLICATE_METHOD_MATCH = YES;
				COPY_PHASE_STRIP = NO;
				DEBUG_INFORMATION_FORMAT = "dwarf-with-dsym";
				DEVELOPMENT_TEAM = RR9SSU85FD;
				ENABLE_NS_ASSERTIONS = NO;
				ENABLE_STRICT_OBJC_MSGSEND = YES;
				ENABLE_USER_SCRIPT_SANDBOXING = YES;
				GCC_C_LANGUAGE_STANDARD = gnu17;
				GCC_NO_COMMON_BLOCKS = YES;
				GCC_WARN_64_TO_32_BIT_CONVERSION = YES;
				GCC_WARN_ABOUT_RETURN_TYPE = YES_ERROR;
				GCC_WARN_UNDECLARED_SELECTOR = YES;
				GCC_WARN_UNINITIALIZED_AUTOS = YES_AGGRESSIVE;
				GCC_WARN_UNUSED_FUNCTION = YES;
				GCC_WARN_UNUSED_VARIABLE = YES;
				LOCALIZATION_PREFERS_STRING_CATALOGS = YES;
				MACOSX_DEPLOYMENT_TARGET = 15.3;
				MTL_ENABLE_DEBUG_INFO = NO;
				MTL_FAST_MATH = YES;
				SDKROOT = macosx;
				SWIFT_COMPILATION_MODE = wholemodule;
			};
			name = Release;
		};
		FD106FEF2DBFA3EB007146C1 /* Debug */ = {
			isa = XCBuildConfiguration;
			buildSettings = {
				ASSETCATALOG_COMPILER_APPICON_NAME = AppIcon;
				ASSETCATALOG_COMPILER_GLOBAL_ACCENT_COLOR_NAME = AccentColor;
				CODE_SIGN_ENTITLEMENTS = "Xe-Image Convert/Xe_Image_Convert.entitlements";
				CODE_SIGN_STYLE = Automatic;
				COMBINE_HIDPI_IMAGES = YES;
				CURRENT_PROJECT_VERSION = 1;
				DEVELOPMENT_TEAM = RR9SSU85FD;
				ENABLE_HARDENED_RUNTIME = YES;
				ENABLE_PREVIEWS = YES;
				GENERATE_INFOPLIST_FILE = YES;
				INFOPLIST_KEY_NSHumanReadableCopyright = "";
				LD_RUNPATH_SEARCH_PATHS = (
					"$(inherited)",
					"@executable_path/../Frameworks",
				);
				MARKETING_VERSION = 1.0;
				PRODUCT_BUNDLE_IDENTIFIER = "com.ContiBros.Xe-Image-Convert";
				PRODUCT_NAME = "$(TARGET_NAME)";
				REGISTER_APP_GROUPS = YES;
				SWIFT_EMIT_LOC_STRINGS = YES;
				SWIFT_VERSION = 5.0;
			};
			name = Debug;
		};
		FD106FF02DBFA3EB007146C1 /* Release */ = {
			isa = XCBuildConfiguration;
			buildSettings = {
				ASSETCATALOG_COMPILER_APPICON_NAME = AppIcon;
				ASSETCATALOG_COMPILER_GLOBAL_ACCENT_COLOR_NAME = AccentColor;
				CODE_SIGN_ENTITLEMENTS = "Xe-Image Convert/Xe_Image_Convert.entitlements";
				CODE_SIGN_STYLE = Automatic;
				COMBINE_HIDPI_IMAGES = YES;
				CURRENT_PROJECT_VERSION = 1;
				DEVELOPMENT_TEAM = RR9SSU85FD;
				ENABLE_HARDENED_RUNTIME = YES;
				ENABLE_PREVIEWS = YES;
				GENERATE_INFOPLIST_FILE = YES;
				INFOPLIST_KEY_NSHumanReadableCopyright = "";
				LD_RUNPATH_SEARCH_PATHS = (
					"$(inherited)",
					"@executable_path/../Frameworks",
				);
				MARKETING_VERSION = 1.0;
				PRODUCT_BUNDLE_IDENTIFIER = "com.ContiBros.Xe-Image-Convert";
				PRODUCT_NAME = "$(TARGET_NAME)";
				REGISTER_APP_GROUPS = YES;
				SWIFT_EMIT_LOC_STRINGS = YES;
				SWIFT_VERSION = 5.0;
			};
			name = Release;
		};
		FD106FF22DBFA3EB007146C1 /* Debug */ = {
			isa = XCBuildConfiguration;
			buildSettings = {
				BUNDLE_LOADER = "$(TEST_HOST)";
				CODE_SIGN_STYLE = Automatic;
				CURRENT_PROJECT_VERSION = 1;
				DEVELOPMENT_TEAM = RR9SSU85FD;
				GENERATE_INFOPLIST_FILE = YES;
				MACOSX_DEPLOYMENT_TARGET = 15.3;
				MARKETING_VERSION = 1.0;
				PRODUCT_BUNDLE_IDENTIFIER = "com.ContiBros.Xe-Image-ConvertTests";
				PRODUCT_NAME = "$(TARGET_NAME)";
				SWIFT_EMIT_LOC_STRINGS = NO;
				SWIFT_VERSION = 5.0;
				TEST_HOST = "$(BUILT_PRODUCTS_DIR)/Xe-Image Convert.app/$(BUNDLE_EXECUTABLE_FOLDER_PATH)/Xe-Image Convert";
			};
			name = Debug;
		};
		FD106FF32DBFA3EB007146C1 /* Release */ = {
			isa = XCBuildConfiguration;
			buildSettings = {
				BUNDLE_LOADER = "$(TEST_HOST)";
				CODE_SIGN_STYLE = Automatic;
				CURRENT_PROJECT_VERSION = 1;
				DEVELOPMENT_TEAM = RR9SSU85FD;
				GENERATE_INFOPLIST_FILE = YES;
				MACOSX_DEPLOYMENT_TARGET = 15.3;
				MARKETING_VERSION = 1.0;
				PRODUCT_BUNDLE_IDENTIFIER = "com.ContiBros.Xe-Image-ConvertTests";
				PRODUCT_NAME = "$(TARGET_NAME)";
				SWIFT_EMIT_LOC_STRINGS = NO;
				SWIFT_VERSION = 5.0;
				TEST_HOST = "$(BUILT_PRODUCTS_DIR)/Xe-Image Convert.app/$(BUNDLE_EXECUTABLE_FOLDER_PATH)/Xe-Image Convert";
			};
			name = Release;
		};
		FD106FF52DBFA3EB007146C1 /* Debug */ = {
			isa = XCBuildConfiguration;
			buildSettings = {
				CODE_SIGN_STYLE = Automatic;
				CURRENT_PROJECT_VERSION = 1;
				DEVELOPMENT_TEAM = RR9SSU85FD;
				GENERATE_INFOPLIST_FILE = YES;
				MARKETING_VERSION = 1.0;
				PRODUCT_BUNDLE_IDENTIFIER = "com.ContiBros.Xe-Image-ConvertUITests";
				PRODUCT_NAME = "$(TARGET_NAME)";
				SWIFT_EMIT_LOC_STRINGS = NO;
				SWIFT_VERSION = 5.0;
				TEST_TARGET_NAME = "Xe-Image Convert";
			};
			name = Debug;
		};
		FD106FF62DBFA3EB007146C1 /* Release */ = {
			isa = XCBuildConfiguration;
			buildSettings = {
				CODE_SIGN_STYLE = Automatic;
				CURRENT_PROJECT_VERSION = 1;
				DEVELOPMENT_TEAM = RR9SSU85FD;
				GENERATE_INFOPLIST_FILE = YES;
				MARKETING_VERSION = 1.0;
				PRODUCT_BUNDLE_IDENTIFIER = "com.ContiBros.Xe-Image-ConvertUITests";
				PRODUCT_NAME = "$(TARGET_NAME)";
				SWIFT_EMIT_LOC_STRINGS = NO;
				SWIFT_VERSION = 5.0;
				TEST_TARGET_NAME = "Xe-Image Convert";
			};
			name = Release;
		};
/* End XCBuildConfiguration section */

/* Begin XCConfigurationList section */
		FD106FC72DBFA3EA007146C1 /* Build configuration list for PBXProject "Xe-Image Convert" */ = {
			isa = XCConfigurationList;
			buildConfigurations = (
				FD106FEC2DBFA3EB007146C1 /* Debug */,
				FD106FED2DBFA3EB007146C1 /* Release */,
			);
			defaultConfigurationIsVisible = 0;
			defaultConfigurationName = Release;
		};
		FD106FEE2DBFA3EB007146C1 /* Build configuration list for PBXNativeTarget "Xe-Image Convert" */ = {
			isa = XCConfigurationList;
			buildConfigurations = (
				FD106FEF2DBFA3EB007146C1 /* Debug */,
				FD106FF02DBFA3EB007146C1 /* Release */,
			);
			defaultConfigurationIsVisible = 0;
			defaultConfigurationName = Release;
		};
		FD106FF12DBFA3EB007146C1 /* Build configuration list for PBXNativeTarget "Xe-Image ConvertTests" */ = {
			isa = XCConfigurationList;
			buildConfigurations = (
				FD106FF22DBFA3EB007146C1 /* Debug */,
				FD106FF32DBFA3EB007146C1 /* Release */,
			);
			defaultConfigurationIsVisible = 0;
			defaultConfigurationName = Release;
		};
		FD106FF42DBFA3EB007146C1 /* Build configuration list for PBXNativeTarget "Xe-Image ConvertUITests" */ = {
			isa = XCConfigurationList;
			buildConfigurations = (
				FD106FF52DBFA3EB007146C1 /* Debug */,
				FD106FF62DBFA3EB007146C1 /* Release */,
			);
			defaultConfigurationIsVisible = 0;
			defaultConfigurationName = Release;
		};
/* End XCConfigurationList section */

/* Begin XCRemoteSwiftPackageReference section */
		FD106FF92DBFAB75007146C1 /* XCRemoteSwiftPackageReference "PhotoshopReader" */ = {
			isa = XCRemoteSwiftPackageReference;
			repositoryURL = "https://github.com/hughbe/PhotoshopReader";
			requirement = {
				kind = upToNextMajorVersion;
				minimumVersion = 1.0.0;
			};
		};
		FD106FFE2DBFB2B8007146C1 /* XCRemoteSwiftPackageReference "SDWebImage" */ = {
			isa = XCRemoteSwiftPackageReference;
			repositoryURL = "https://github.com/SDWebImage/SDWebImage";
			requirement = {
				kind = upToNextMajorVersion;
				minimumVersion = 5.21.0;
			};
		};
		FD1070032DBFB2DF007146C1 /* XCRemoteSwiftPackageReference "SDWebImageWebPCoder" */ = {
			isa = XCRemoteSwiftPackageReference;
			repositoryURL = "https://github.com/SDWebImage/SDWebImageWebPCoder";
			requirement = {
				kind = upToNextMajorVersion;
				minimumVersion = 0.14.6;
			};
		};
/* End XCRemoteSwiftPackageReference section */

/* Begin XCSwiftPackageProductDependency section */
		FD106FFA2DBFAB75007146C1 /* PhotoshopReader */ = {
			isa = XCSwiftPackageProductDependency;
			package = FD106FF92DBFAB75007146C1 /* XCRemoteSwiftPackageReference "PhotoshopReader" */;
			productName = PhotoshopReader;
		};
		FD106FFF2DBFB2B8007146C1 /* SDWebImage */ = {
			isa = XCSwiftPackageProductDependency;
			package = FD106FFE2DBFB2B8007146C1 /* XCRemoteSwiftPackageReference "SDWebImage" */;
			productName = SDWebImage;
		};
		FD1070012DBFB2B8007146C1 /* SDWebImageMapKit */ = {
			isa = XCSwiftPackageProductDependency;
			package = FD106FFE2DBFB2B8007146C1 /* XCRemoteSwiftPackageReference "SDWebImage" */;
			productName = SDWebImageMapKit;
		};
		FD1070042DBFB2DF007146C1 /* SDWebImageWebPCoder */ = {
			isa = XCSwiftPackageProductDependency;
			package = FD1070032DBFB2DF007146C1 /* XCRemoteSwiftPackageReference "SDWebImageWebPCoder" */;
			productName = SDWebImageWebPCoder;
		};
/* End XCSwiftPackageProductDependency section */
	};
	rootObject = FD106FC42DBFA3EA007146C1 /* Project object */;
}
